// !$*UTF8*$!
{
	archiveVersion = 1;
	classes = {
	};
	objectVersion = 55;
	objects = {

/* Begin PBXBuildFile section */
		29CFB02727AC38C100B2EBCD /* AppDelegate.swift in Sources */ = {isa = PBXBuildFile; fileRef = 29CFB02627AC38C100B2EBCD /* AppDelegate.swift */; };
		29CFB02927AC38C100B2EBCD /* SceneDelegate.swift in Sources */ = {isa = PBXBuildFile; fileRef = 29CFB02827AC38C100B2EBCD /* SceneDelegate.swift */; };
		29CFB02B27AC38C100B2EBCD /* ViewController.swift in Sources */ = {isa = PBXBuildFile; fileRef = 29CFB02A27AC38C100B2EBCD /* ViewController.swift */; };
		29CFB02E27AC38C100B2EBCD /* Main.storyboard in Resources */ = {isa = PBXBuildFile; fileRef = 29CFB02C27AC38C100B2EBCD /* Main.storyboard */; };
		29CFB03027AC38C900B2EBCD /* Assets.xcassets in Resources */ = {isa = PBXBuildFile; fileRef = 29CFB02F27AC38C900B2EBCD /* Assets.xcassets */; };
		29CFB03327AC38C900B2EBCD /* LaunchScreen.storyboard in Resources */ = {isa = PBXBuildFile; fileRef = 29CFB03127AC38C900B2EBCD /* LaunchScreen.storyboard */; };
		29CFB03E27AC38CA00B2EBCD /* FoodSearchAppTests.swift in Sources */ = {isa = PBXBuildFile; fileRef = 29CFB03D27AC38CA00B2EBCD /* FoodSearchAppTests.swift */; };
		29CFB04827AC38CA00B2EBCD /* FoodSearchAppUITests.swift in Sources */ = {isa = PBXBuildFile; fileRef = 29CFB04727AC38CA00B2EBCD /* FoodSearchAppUITests.swift */; };
		29CFB04A27AC38CA00B2EBCD /* FoodSearchAppUITestsLaunchTests.swift in Sources */ = {isa = PBXBuildFile; fileRef = 29CFB04927AC38CA00B2EBCD /* FoodSearchAppUITestsLaunchTests.swift */; };
/* End PBXBuildFile section */

/* Begin PBXContainerItemProxy section */
		29CFB03A27AC38CA00B2EBCD /* PBXContainerItemProxy */ = {
			isa = PBXContainerItemProxy;
			containerPortal = 29CFB01B27AC38C100B2EBCD /* Project object */;
			proxyType = 1;
			remoteGlobalIDString = 29CFB02227AC38C100B2EBCD;
			remoteInfo = FoodSearchApp;
		};
		29CFB04427AC38CA00B2EBCD /* PBXContainerItemProxy */ = {
			isa = PBXContainerItemProxy;
			containerPortal = 29CFB01B27AC38C100B2EBCD /* Project object */;
			proxyType = 1;
			remoteGlobalIDString = 29CFB02227AC38C100B2EBCD;
			remoteInfo = FoodSearchApp;
		};
/* End PBXContainerItemProxy section */

/* Begin PBXFileReference section */
		29CFB02327AC38C100B2EBCD /* FoodSearchApp.app */ = {isa = PBXFileReference; explicitFileType = wrapper.application; includeInIndex = 0; path = FoodSearchApp.app; sourceTree = BUILT_PRODUCTS_DIR; };
		29CFB02627AC38C100B2EBCD /* AppDelegate.swift */ = {isa = PBXFileReference; lastKnownFileType = sourcecode.swift; path = AppDelegate.swift; sourceTree = "<group>"; };
		29CFB02827AC38C100B2EBCD /* SceneDelegate.swift */ = {isa = PBXFileReference; lastKnownFileType = sourcecode.swift; path = SceneDelegate.swift; sourceTree = "<group>"; };
		29CFB02A27AC38C100B2EBCD /* ViewController.swift */ = {isa = PBXFileReference; lastKnownFileType = sourcecode.swift; path = ViewController.swift; sourceTree = "<group>"; };
		29CFB02D27AC38C100B2EBCD /* Base */ = {isa = PBXFileReference; lastKnownFileType = file.storyboard; name = Base; path = Base.lproj/Main.storyboard; sourceTree = "<group>"; };
		29CFB02F27AC38C900B2EBCD /* Assets.xcassets */ = {isa = PBXFileReference; lastKnownFileType = folder.assetcatalog; path = Assets.xcassets; sourceTree = "<group>"; };
		29CFB03227AC38C900B2EBCD /* Base */ = {isa = PBXFileReference; lastKnownFileType = file.storyboard; name = Base; path = Base.lproj/LaunchScreen.storyboard; sourceTree = "<group>"; };
		29CFB03427AC38C900B2EBCD /* Info.plist */ = {isa = PBXFileReference; lastKnownFileType = text.plist.xml; path = Info.plist; sourceTree = "<group>"; };
		29CFB03927AC38CA00B2EBCD /* FoodSearchAppTests.xctest */ = {isa = PBXFileReference; explicitFileType = wrapper.cfbundle; includeInIndex = 0; path = FoodSearchAppTests.xctest; sourceTree = BUILT_PRODUCTS_DIR; };
		29CFB03D27AC38CA00B2EBCD /* FoodSearchAppTests.swift */ = {isa = PBXFileReference; lastKnownFileType = sourcecode.swift; path = FoodSearchAppTests.swift; sourceTree = "<group>"; };
		29CFB04327AC38CA00B2EBCD /* FoodSearchAppUITests.xctest */ = {isa = PBXFileReference; explicitFileType = wrapper.cfbundle; includeInIndex = 0; path = FoodSearchAppUITests.xctest; sourceTree = BUILT_PRODUCTS_DIR; };
		29CFB04727AC38CA00B2EBCD /* FoodSearchAppUITests.swift */ = {isa = PBXFileReference; lastKnownFileType = sourcecode.swift; path = FoodSearchAppUITests.swift; sourceTree = "<group>"; };
		29CFB04927AC38CA00B2EBCD /* FoodSearchAppUITestsLaunchTests.swift */ = {isa = PBXFileReference; lastKnownFileType = sourcecode.swift; path = FoodSearchAppUITestsLaunchTests.swift; sourceTree = "<group>"; };
/* End PBXFileReference section */

/* Begin PBXFrameworksBuildPhase section */
		29CFB02027AC38C100B2EBCD /* Frameworks */ = {
			isa = PBXFrameworksBuildPhase;
			buildActionMask = 2147483647;
			files = (
			);
			runOnlyForDeploymentPostprocessing = 0;
		};
		29CFB03627AC38CA00B2EBCD /* Frameworks */ = {
			isa = PBXFrameworksBuildPhase;
			buildActionMask = 2147483647;
			files = (
			);
			runOnlyForDeploymentPostprocessing = 0;
		};
		29CFB04027AC38CA00B2EBCD /* Frameworks */ = {
			isa = PBXFrameworksBuildPhase;
			buildActionMask = 2147483647;
			files = (
			);
			runOnlyForDeploymentPostprocessing = 0;
		};
/* End PBXFrameworksBuildPhase section */

/* Begin PBXGroup section */
		29CFB01A27AC38C100B2EBCD = {
			isa = PBXGroup;
			children = (
				29CFB02527AC38C100B2EBCD /* FoodSearchApp */,
				29CFB03C27AC38CA00B2EBCD /* FoodSearchAppTests */,
				29CFB04627AC38CA00B2EBCD /* FoodSearchAppUITests */,
				29CFB02427AC38C100B2EBCD /* Products */,
			);
			sourceTree = "<group>";
		};
		29CFB02427AC38C100B2EBCD /* Products */ = {
			isa = PBXGroup;
			children = (
				29CFB02327AC38C100B2EBCD /* FoodSearchApp.app */,
				29CFB03927AC38CA00B2EBCD /* FoodSearchAppTests.xctest */,
				29CFB04327AC38CA00B2EBCD /* FoodSearchAppUITests.xctest */,
			);
			name = Products;
			sourceTree = "<group>";
		};
		29CFB02527AC38C100B2EBCD /* FoodSearchApp */ = {
			isa = PBXGroup;
			children = (
				29CFB02627AC38C100B2EBCD /* AppDelegate.swift */,
				29CFB02827AC38C100B2EBCD /* SceneDelegate.swift */,
				29CFB02A27AC38C100B2EBCD /* ViewController.swift */,
				29CFB02C27AC38C100B2EBCD /* Main.storyboard */,
				29CFB02F27AC38C900B2EBCD /* Assets.xcassets */,
				29CFB03127AC38C900B2EBCD /* LaunchScreen.storyboard */,
				29CFB03427AC38C900B2EBCD /* Info.plist */,
			);
			path = FoodSearchApp;
			sourceTree = "<group>";
		};
		29CFB03C27AC38CA00B2EBCD /* FoodSearchAppTests */ = {
			isa = PBXGroup;
			children = (
				29CFB03D27AC38CA00B2EBCD /* FoodSearchAppTests.swift */,
			);
			path = FoodSearchAppTests;
			sourceTree = "<group>";
		};
		29CFB04627AC38CA00B2EBCD /* FoodSearchAppUITests */ = {
			isa = PBXGroup;
			children = (
				29CFB04727AC38CA00B2EBCD /* FoodSearchAppUITests.swift */,
				29CFB04927AC38CA00B2EBCD /* FoodSearchAppUITestsLaunchTests.swift */,
			);
			path = FoodSearchAppUITests;
			sourceTree = "<group>";
		};
/* End PBXGroup section */

/* Begin PBXNativeTarget section */
		29CFB02227AC38C100B2EBCD /* FoodSearchApp */ = {
			isa = PBXNativeTarget;
			buildConfigurationList = 29CFB04D27AC38CA00B2EBCD /* Build configuration list for PBXNativeTarget "FoodSearchApp" */;
			buildPhases = (
				29CFB01F27AC38C100B2EBCD /* Sources */,
				29CFB02027AC38C100B2EBCD /* Frameworks */,
				29CFB02127AC38C100B2EBCD /* Resources */,
			);
			buildRules = (
			);
			dependencies = (
			);
			name = FoodSearchApp;
			productName = FoodSearchApp;
			productReference = 29CFB02327AC38C100B2EBCD /* FoodSearchApp.app */;
			productType = "com.apple.product-type.application";
		};
		29CFB03827AC38CA00B2EBCD /* FoodSearchAppTests */ = {
			isa = PBXNativeTarget;
			buildConfigurationList = 29CFB05027AC38CA00B2EBCD /* Build configuration list for PBXNativeTarget "FoodSearchAppTests" */;
			buildPhases = (
				29CFB03527AC38CA00B2EBCD /* Sources */,
				29CFB03627AC38CA00B2EBCD /* Frameworks */,
				29CFB03727AC38CA00B2EBCD /* Resources */,
			);
			buildRules = (
			);
			dependencies = (
				29CFB03B27AC38CA00B2EBCD /* PBXTargetDependency */,
			);
			name = FoodSearchAppTests;
			productName = FoodSearchAppTests;
			productReference = 29CFB03927AC38CA00B2EBCD /* FoodSearchAppTests.xctest */;
			productType = "com.apple.product-type.bundle.unit-test";
		};
		29CFB04227AC38CA00B2EBCD /* FoodSearchAppUITests */ = {
			isa = PBXNativeTarget;
			buildConfigurationList = 29CFB05327AC38CA00B2EBCD /* Build configuration list for PBXNativeTarget "FoodSearchAppUITests" */;
			buildPhases = (
				29CFB03F27AC38CA00B2EBCD /* Sources */,
				29CFB04027AC38CA00B2EBCD /* Frameworks */,
				29CFB04127AC38CA00B2EBCD /* Resources */,
			);
			buildRules = (
			);
			dependencies = (
				29CFB04527AC38CA00B2EBCD /* PBXTargetDependency */,
			);
			name = FoodSearchAppUITests;
			productName = FoodSearchAppUITests;
			productReference = 29CFB04327AC38CA00B2EBCD /* FoodSearchAppUITests.xctest */;
			productType = "com.apple.product-type.bundle.ui-testing";
		};
/* End PBXNativeTarget section */

/* Begin PBXProject section */
		29CFB01B27AC38C100B2EBCD /* Project object */ = {
			isa = PBXProject;
			attributes = {
				BuildIndependentTargetsInParallel = 1;
				LastSwiftUpdateCheck = 1320;
				LastUpgradeCheck = 1320;
				TargetAttributes = {
					29CFB02227AC38C100B2EBCD = {
						CreatedOnToolsVersion = 13.2.1;
					};
					29CFB03827AC38CA00B2EBCD = {
						CreatedOnToolsVersion = 13.2.1;
						TestTargetID = 29CFB02227AC38C100B2EBCD;
					};
					29CFB04227AC38CA00B2EBCD = {
						CreatedOnToolsVersion = 13.2.1;
						TestTargetID = 29CFB02227AC38C100B2EBCD;
					};
				};
			};
			buildConfigurationList = 29CFB01E27AC38C100B2EBCD /* Build configuration list for PBXProject "FoodSearchApp" */;
			compatibilityVersion = "Xcode 13.0";
			developmentRegion = en;
			hasScannedForEncodings = 0;
			knownRegions = (
				en,
				Base,
			);
			mainGroup = 29CFB01A27AC38C100B2EBCD;
			productRefGroup = 29CFB02427AC38C100B2EBCD /* Products */;
			projectDirPath = "";
			projectRoot = "";
			targets = (
				29CFB02227AC38C100B2EBCD /* FoodSearchApp */,
				29CFB03827AC38CA00B2EBCD /* FoodSearchAppTests */,
				29CFB04227AC38CA00B2EBCD /* FoodSearchAppUITests */,
			);
		};
/* End PBXProject section */

/* Begin PBXResourcesBuildPhase section */
		29CFB02127AC38C100B2EBCD /* Resources */ = {
			isa = PBXResourcesBuildPhase;
			buildActionMask = 2147483647;
			files = (
				29CFB03327AC38C900B2EBCD /* LaunchScreen.storyboard in Resources */,
				29CFB03027AC38C900B2EBCD /* Assets.xcassets in Resources */,
				29CFB02E27AC38C100B2EBCD /* Main.storyboard in Resources */,
			);
			runOnlyForDeploymentPostprocessing = 0;
		};
		29CFB03727AC38CA00B2EBCD /* Resources */ = {
			isa = PBXResourcesBuildPhase;
			buildActionMask = 2147483647;
			files = (
			);
			runOnlyForDeploymentPostprocessing = 0;
		};
		29CFB04127AC38CA00B2EBCD /* Resources */ = {
			isa = PBXResourcesBuildPhase;
			buildActionMask = 2147483647;
			files = (
			);
			runOnlyForDeploymentPostprocessing = 0;
		};
/* End PBXResourcesBuildPhase section */

/* Begin PBXSourcesBuildPhase section */
		29CFB01F27AC38C100B2EBCD /* Sources */ = {
			isa = PBXSourcesBuildPhase;
			buildActionMask = 2147483647;
			files = (
				29CFB02B27AC38C100B2EBCD /* ViewController.swift in Sources */,
				29CFB02727AC38C100B2EBCD /* AppDelegate.swift in Sources */,
				29CFB02927AC38C100B2EBCD /* SceneDelegate.swift in Sources */,
			);
			runOnlyForDeploymentPostprocessing = 0;
		};
		29CFB03527AC38CA00B2EBCD /* Sources */ = {
			isa = PBXSourcesBuildPhase;
			buildActionMask = 2147483647;
			files = (
				29CFB03E27AC38CA00B2EBCD /* FoodSearchAppTests.swift in Sources */,
			);
			runOnlyForDeploymentPostprocessing = 0;
		};
		29CFB03F27AC38CA00B2EBCD /* Sources */ = {
			isa = PBXSourcesBuildPhase;
			buildActionMask = 2147483647;
			files = (
				29CFB04A27AC38CA00B2EBCD /* FoodSearchAppUITestsLaunchTests.swift in Sources */,
				29CFB04827AC38CA00B2EBCD /* FoodSearchAppUITests.swift in Sources */,
			);
			runOnlyForDeploymentPostprocessing = 0;
		};
/* End PBXSourcesBuildPhase section */

/* Begin PBXTargetDependency section */
		29CFB03B27AC38CA00B2EBCD /* PBXTargetDependency */ = {
			isa = PBXTargetDependency;
			target = 29CFB02227AC38C100B2EBCD /* FoodSearchApp */;
			targetProxy = 29CFB03A27AC38CA00B2EBCD /* PBXContainerItemProxy */;
		};
		29CFB04527AC38CA00B2EBCD /* PBXTargetDependency */ = {
			isa = PBXTargetDependency;
			target = 29CFB02227AC38C100B2EBCD /* FoodSearchApp */;
			targetProxy = 29CFB04427AC38CA00B2EBCD /* PBXContainerItemProxy */;
		};
/* End PBXTargetDependency section */

/* Begin PBXVariantGroup section */
		29CFB02C27AC38C100B2EBCD /* Main.storyboard */ = {
			isa = PBXVariantGroup;
			children = (
				29CFB02D27AC38C100B2EBCD /* Base */,
			);
			name = Main.storyboard;
			sourceTree = "<group>";
		};
		29CFB03127AC38C900B2EBCD /* LaunchScreen.storyboard */ = {
			isa = PBXVariantGroup;
			children = (
				29CFB03227AC38C900B2EBCD /* Base */,
			);
			name = LaunchScreen.storyboard;
			sourceTree = "<group>";
		};
/* End PBXVariantGroup section */

/* Begin XCBuildConfiguration section */
		29CFB04B27AC38CA00B2EBCD /* Debug */ = {
			isa = XCBuildConfiguration;
			buildSettings = {
				ALWAYS_SEARCH_USER_PATHS = NO;
				CLANG_ANALYZER_NONNULL = YES;
				CLANG_ANALYZER_NUMBER_OBJECT_CONVERSION = YES_AGGRESSIVE;
				CLANG_CXX_LANGUAGE_STANDARD = "gnu++17";
				CLANG_CXX_LIBRARY = "libc++";
				CLANG_ENABLE_MODULES = YES;
				CLANG_ENABLE_OBJC_ARC = YES;
				CLANG_ENABLE_OBJC_WEAK = YES;
				CLANG_WARN_BLOCK_CAPTURE_AUTORELEASING = YES;
				CLANG_WARN_BOOL_CONVERSION = YES;
				CLANG_WARN_COMMA = YES;
				CLANG_WARN_CONSTANT_CONVERSION = YES;
				CLANG_WARN_DEPRECATED_OBJC_IMPLEMENTATIONS = YES;
				CLANG_WARN_DIRECT_OBJC_ISA_USAGE = YES_ERROR;
				CLANG_WARN_DOCUMENTATION_COMMENTS = YES;
				CLANG_WARN_EMPTY_BODY = YES;
				CLANG_WARN_ENUM_CONVERSION = YES;
				CLANG_WARN_INFINITE_RECURSION = YES;
				CLANG_WARN_INT_CONVERSION = YES;
				CLANG_WARN_NON_LITERAL_NULL_CONVERSION = YES;
				CLANG_WARN_OBJC_IMPLICIT_RETAIN_SELF = YES;
				CLANG_WARN_OBJC_LITERAL_CONVERSION = YES;
				CLANG_WARN_OBJC_ROOT_CLASS = YES_ERROR;
				CLANG_WARN_QUOTED_INCLUDE_IN_FRAMEWORK_HEADER = YES;
				CLANG_WARN_RANGE_LOOP_ANALYSIS = YES;
				CLANG_WARN_STRICT_PROTOTYPES = YES;
				CLANG_WARN_SUSPICIOUS_MOVE = YES;
				CLANG_WARN_UNGUARDED_AVAILABILITY = YES_AGGRESSIVE;
				CLANG_WARN_UNREACHABLE_CODE = YES;
				CLANG_WARN__DUPLICATE_METHOD_MATCH = YES;
				COPY_PHASE_STRIP = NO;
				DEBUG_INFORMATION_FORMAT = dwarf;
				ENABLE_STRICT_OBJC_MSGSEND = YES;
				ENABLE_TESTABILITY = YES;
				GCC_C_LANGUAGE_STANDARD = gnu11;
				GCC_DYNAMIC_NO_PIC = NO;
				GCC_NO_COMMON_BLOCKS = YES;
				GCC_OPTIMIZATION_LEVEL = 0;
				GCC_PREPROCESSOR_DEFINITIONS = (
					"DEBUG=1",
					"$(inherited)",
				);
				GCC_WARN_64_TO_32_BIT_CONVERSION = YES;
				GCC_WARN_ABOUT_RETURN_TYPE = YES_ERROR;
				GCC_WARN_UNDECLARED_SELECTOR = YES;
				GCC_WARN_UNINITIALIZED_AUTOS = YES_AGGRESSIVE;
				GCC_WARN_UNUSED_FUNCTION = YES;
				GCC_WARN_UNUSED_VARIABLE = YES;
				IPHONEOS_DEPLOYMENT_TARGET = 15.2;
				MTL_ENABLE_DEBUG_INFO = INCLUDE_SOURCE;
				MTL_FAST_MATH = YES;
				ONLY_ACTIVE_ARCH = YES;
				SDKROOT = iphoneos;
				SWIFT_ACTIVE_COMPILATION_CONDITIONS = DEBUG;
				SWIFT_OPTIMIZATION_LEVEL = "-Onone";
			};
			name = Debug;
		};
		29CFB04C27AC38CA00B2EBCD /* Release */ = {
			isa = XCBuildConfiguration;
			buildSettings = {
				ALWAYS_SEARCH_USER_PATHS = NO;
				CLANG_ANALYZER_NONNULL = YES;
				CLANG_ANALYZER_NUMBER_OBJECT_CONVERSION = YES_AGGRESSIVE;
				CLANG_CXX_LANGUAGE_STANDARD = "gnu++17";
				CLANG_CXX_LIBRARY = "libc++";
				CLANG_ENABLE_MODULES = YES;
				CLANG_ENABLE_OBJC_ARC = YES;
				CLANG_ENABLE_OBJC_WEAK = YES;
				CLANG_WARN_BLOCK_CAPTURE_AUTORELEASING = YES;
				CLANG_WARN_BOOL_CONVERSION = YES;
				CLANG_WARN_COMMA = YES;
				CLANG_WARN_CONSTANT_CONVERSION = YES;
				CLANG_WARN_DEPRECATED_OBJC_IMPLEMENTATIONS = YES;
				CLANG_WARN_DIRECT_OBJC_ISA_USAGE = YES_ERROR;
				CLANG_WARN_DOCUMENTATION_COMMENTS = YES;
				CLANG_WARN_EMPTY_BODY = YES;
				CLANG_WARN_ENUM_CONVERSION = YES;
				CLANG_WARN_INFINITE_RECURSION = YES;
				CLANG_WARN_INT_CONVERSION = YES;
				CLANG_WARN_NON_LITERAL_NULL_CONVERSION = YES;
				CLANG_WARN_OBJC_IMPLICIT_RETAIN_SELF = YES;
				CLANG_WARN_OBJC_LITERAL_CONVERSION = YES;
				CLANG_WARN_OBJC_ROOT_CLASS = YES_ERROR;
				CLANG_WARN_QUOTED_INCLUDE_IN_FRAMEWORK_HEADER = YES;
				CLANG_WARN_RANGE_LOOP_ANALYSIS = YES;
				CLANG_WARN_STRICT_PROTOTYPES = YES;
				CLANG_WARN_SUSPICIOUS_MOVE = YES;
				CLANG_WARN_UNGUARDED_AVAILABILITY = YES_AGGRESSIVE;
				CLANG_WARN_UNREACHABLE_CODE = YES;
				CLANG_WARN__DUPLICATE_METHOD_MATCH = YES;
				COPY_PHASE_STRIP = NO;
				DEBUG_INFORMATION_FORMAT = "dwarf-with-dsym";
				ENABLE_NS_ASSERTIONS = NO;
				ENABLE_STRICT_OBJC_MSGSEND = YES;
				GCC_C_LANGUAGE_STANDARD = gnu11;
				GCC_NO_COMMON_BLOCKS = YES;
				GCC_WARN_64_TO_32_BIT_CONVERSION = YES;
				GCC_WARN_ABOUT_RETURN_TYPE = YES_ERROR;
				GCC_WARN_UNDECLARED_SELECTOR = YES;
				GCC_WARN_UNINITIALIZED_AUTOS = YES_AGGRESSIVE;
				GCC_WARN_UNUSED_FUNCTION = YES;
				GCC_WARN_UNUSED_VARIABLE = YES;
				IPHONEOS_DEPLOYMENT_TARGET = 15.2;
				MTL_ENABLE_DEBUG_INFO = NO;
				MTL_FAST_MATH = YES;
				SDKROOT = iphoneos;
				SWIFT_COMPILATION_MODE = wholemodule;
				SWIFT_OPTIMIZATION_LEVEL = "-O";
				VALIDATE_PRODUCT = YES;
			};
			name = Release;
		};
		29CFB04E27AC38CA00B2EBCD /* Debug */ = {
			isa = XCBuildConfiguration;
			buildSettings = {
				ASSETCATALOG_COMPILER_APPICON_NAME = AppIcon;
				ASSETCATALOG_COMPILER_GLOBAL_ACCENT_COLOR_NAME = AccentColor;
				CODE_SIGN_STYLE = Automatic;
				CURRENT_PROJECT_VERSION = 1;
				GENERATE_INFOPLIST_FILE = YES;
				INFOPLIST_FILE = FoodSearchApp/Info.plist;
				INFOPLIST_KEY_UIApplicationSupportsIndirectInputEvents = YES;
				INFOPLIST_KEY_UILaunchStoryboardName = LaunchScreen;
				INFOPLIST_KEY_UIMainStoryboardFile = Main;
				INFOPLIST_KEY_UISupportedInterfaceOrientations_iPad = "UIInterfaceOrientationPortrait UIInterfaceOrientationPortraitUpsideDown UIInterfaceOrientationLandscapeLeft UIInterfaceOrientationLandscapeRight";
				INFOPLIST_KEY_UISupportedInterfaceOrientations_iPhone = "UIInterfaceOrientationPortrait UIInterfaceOrientationLandscapeLeft UIInterfaceOrientationLandscapeRight";
				LD_RUNPATH_SEARCH_PATHS = (
					"$(inherited)",
					"@executable_path/Frameworks",
				);
				MARKETING_VERSION = 1.0;
				PRODUCT_BUNDLE_IDENTIFIER = com.cbp.FoodSearchApp;
				PRODUCT_NAME = "$(TARGET_NAME)";
				SWIFT_EMIT_LOC_STRINGS = YES;
				SWIFT_VERSION = 5.0;
				TARGETED_DEVICE_FAMILY = "1,2";
			};
			name = Debug;
		};
		29CFB04F27AC38CA00B2EBCD /* Release */ = {
			isa = XCBuildConfiguration;
			buildSettings = {
				ASSETCATALOG_COMPILER_APPICON_NAME = AppIcon;
				ASSETCATALOG_COMPILER_GLOBAL_ACCENT_COLOR_NAME = AccentColor;
				CODE_SIGN_STYLE = Automatic;
				CURRENT_PROJECT_VERSION = 1;
				GENERATE_INFOPLIST_FILE = YES;
				INFOPLIST_FILE = FoodSearchApp/Info.plist;
				INFOPLIST_KEY_UIApplicationSupportsIndirectInputEvents = YES;
				INFOPLIST_KEY_UILaunchStoryboardName = LaunchScreen;
				INFOPLIST_KEY_UIMainStoryboardFile = Main;
				INFOPLIST_KEY_UISupportedInterfaceOrientations_iPad = "UIInterfaceOrientationPortrait UIInterfaceOrientationPortraitUpsideDown UIInterfaceOrientationLandscapeLeft UIInterfaceOrientationLandscapeRight";
				INFOPLIST_KEY_UISupportedInterfaceOrientations_iPhone = "UIInterfaceOrientationPortrait UIInterfaceOrientationLandscapeLeft UIInterfaceOrientationLandscapeRight";
				LD_RUNPATH_SEARCH_PATHS = (
					"$(inherited)",
					"@executable_path/Frameworks",
				);
				MARKETING_VERSION = 1.0;
				PRODUCT_BUNDLE_IDENTIFIER = com.cbp.FoodSearchApp;
				PRODUCT_NAME = "$(TARGET_NAME)";
				SWIFT_EMIT_LOC_STRINGS = YES;
				SWIFT_VERSION = 5.0;
				TARGETED_DEVICE_FAMILY = "1,2";
			};
			name = Release;
		};
		29CFB05127AC38CA00B2EBCD /* Debug */ = {
			isa = XCBuildConfiguration;
			buildSettings = {
				ALWAYS_EMBED_SWIFT_STANDARD_LIBRARIES = YES;
				BUNDLE_LOADER = "$(TEST_HOST)";
				CODE_SIGN_STYLE = Automatic;
				CURRENT_PROJECT_VERSION = 1;
				GENERATE_INFOPLIST_FILE = YES;
				IPHONEOS_DEPLOYMENT_TARGET = 15.2;
				MARKETING_VERSION = 1.0;
				PRODUCT_BUNDLE_IDENTIFIER = com.cbp.FoodSearchAppTests;
				PRODUCT_NAME = "$(TARGET_NAME)";
				SWIFT_EMIT_LOC_STRINGS = NO;
				SWIFT_VERSION = 5.0;
				TARGETED_DEVICE_FAMILY = "1,2";
				TEST_HOST = "$(BUILT_PRODUCTS_DIR)/FoodSearchApp.app/FoodSearchApp";
			};
			name = Debug;
		};
		29CFB05227AC38CA00B2EBCD /* Release */ = {
			isa = XCBuildConfiguration;
			buildSettings = {
				ALWAYS_EMBED_SWIFT_STANDARD_LIBRARIES = YES;
				BUNDLE_LOADER = "$(TEST_HOST)";
				CODE_SIGN_STYLE = Automatic;
				CURRENT_PROJECT_VERSION = 1;
				GENERATE_INFOPLIST_FILE = YES;
				IPHONEOS_DEPLOYMENT_TARGET = 15.2;
				MARKETING_VERSION = 1.0;
				PRODUCT_BUNDLE_IDENTIFIER = com.cbp.FoodSearchAppTests;
				PRODUCT_NAME = "$(TARGET_NAME)";
				SWIFT_EMIT_LOC_STRINGS = NO;
				SWIFT_VERSION = 5.0;
				TARGETED_DEVICE_FAMILY = "1,2";
				TEST_HOST = "$(BUILT_PRODUCTS_DIR)/FoodSearchApp.app/FoodSearchApp";
			};
			name = Release;
		};
		29CFB05427AC38CA00B2EBCD /* Debug */ = {
			isa = XCBuildConfiguration;
			buildSettings = {
				ALWAYS_EMBED_SWIFT_STANDARD_LIBRARIES = YES;
				CODE_SIGN_STYLE = Automatic;
				CURRENT_PROJECT_VERSION = 1;
				GENERATE_INFOPLIST_FILE = YES;
				MARKETING_VERSION = 1.0;
				PRODUCT_BUNDLE_IDENTIFIER = com.cbp.FoodSearchAppUITests;
				PRODUCT_NAME = "$(TARGET_NAME)";
				SWIFT_EMIT_LOC_STRINGS = NO;
				SWIFT_VERSION = 5.0;
				TARGETED_DEVICE_FAMILY = "1,2";
				TEST_TARGET_NAME = FoodSearchApp;
			};
			name = Debug;
		};
		29CFB05527AC38CA00B2EBCD /* Release */ = {
			isa = XCBuildConfiguration;
			buildSettings = {
				ALWAYS_EMBED_SWIFT_STANDARD_LIBRARIES = YES;
				CODE_SIGN_STYLE = Automatic;
				CURRENT_PROJECT_VERSION = 1;
				GENERATE_INFOPLIST_FILE = YES;
				MARKETING_VERSION = 1.0;
				PRODUCT_BUNDLE_IDENTIFIER = com.cbp.FoodSearchAppUITests;
				PRODUCT_NAME = "$(TARGET_NAME)";
				SWIFT_EMIT_LOC_STRINGS = NO;
				SWIFT_VERSION = 5.0;
				TARGETED_DEVICE_FAMILY = "1,2";
				TEST_TARGET_NAME = FoodSearchApp;
			};
			name = Release;
		};
/* End XCBuildConfiguration section */

/* Begin XCConfigurationList section */
		29CFB01E27AC38C100B2EBCD /* Build configuration list for PBXProject "FoodSearchApp" */ = {
			isa = XCConfigurationList;
			buildConfigurations = (
				29CFB04B27AC38CA00B2EBCD /* Debug */,
				29CFB04C27AC38CA00B2EBCD /* Release */,
			);
			defaultConfigurationIsVisible = 0;
			defaultConfigurationName = Release;
		};
		29CFB04D27AC38CA00B2EBCD /* Build configuration list for PBXNativeTarget "FoodSearchApp" */ = {
			isa = XCConfigurationList;
			buildConfigurations = (
				29CFB04E27AC38CA00B2EBCD /* Debug */,
				29CFB04F27AC38CA00B2EBCD /* Release */,
			);
			defaultConfigurationIsVisible = 0;
			defaultConfigurationName = Release;
		};
		29CFB05027AC38CA00B2EBCD /* Build configuration list for PBXNativeTarget "FoodSearchAppTests" */ = {
			isa = XCConfigurationList;
			buildConfigurations = (
				29CFB05127AC38CA00B2EBCD /* Debug */,
				29CFB05227AC38CA00B2EBCD /* Release */,
			);
			defaultConfigurationIsVisible = 0;
			defaultConfigurationName = Release;
		};
		29CFB05327AC38CA00B2EBCD /* Build configuration list for PBXNativeTarget "FoodSearchAppUITests" */ = {
			isa = XCConfigurationList;
			buildConfigurations = (
				29CFB05427AC38CA00B2EBCD /* Debug */,
				29CFB05527AC38CA00B2EBCD /* Release */,
			);
			defaultConfigurationIsVisible = 0;
			defaultConfigurationName = Release;
		};
/* End XCConfigurationList section */
	};
	rootObject = 29CFB01B27AC38C100B2EBCD /* Project object */;
}
